
Microsoft Visual Studio Solution File, Format Version 12.00
# Visual Studio 14
VisualStudioVersion = 14.0.23107.0
MinimumVisualStudioVersion = 10.0.40219.1
Project("{FAE04EC0-301F-11D3-BF4B-00C04F79EFBC}") = "pauliputils", "pauliputils\pauliputils.csproj", "{14FBD565-86F0-4A64-A681-0C02A94C25B4}"
EndProject
Project("{2150E333-8FDC-42A3-9474-1A3956D46DE8}") = "PublishScripts", "PublishScripts", "{1EB0F625-019B-4EA2-A28E-3786D2FB9C9B}"
	ProjectSection(SolutionItems) = preProject
		PublishScripts\AzureVMPublishModule.psm1 = PublishScripts\AzureVMPublishModule.psm1
		PublishScripts\Publish-WebApplicationVM.ps1 = PublishScripts\Publish-WebApplicationVM.ps1
	EndProjectSection
EndProject
Project("{2150E333-8FDC-42A3-9474-1A3956D46DE8}") = "Configurations", "Configurations", "{E5881360-D70B-45F0-8111-26524586C7AB}"
	ProjectSection(SolutionItems) = preProject
		PublishScripts\Configurations\pauliputils-WAWS-dev.json = PublishScripts\Configurations\pauliputils-WAWS-dev.json
	EndProjectSection
EndProject
Global
	GlobalSection(SolutionConfigurationPlatforms) = preSolution
		Debug|Any CPU = Debug|Any CPU
		Release|Any CPU = Release|Any CPU
	EndGlobalSection
	GlobalSection(ProjectConfigurationPlatforms) = postSolution
		{14FBD565-86F0-4A64-A681-0C02A94C25B4}.Debug|Any CPU.ActiveCfg = Debug|Any CPU
		{14FBD565-86F0-4A64-A681-0C02A94C25B4}.Debug|Any CPU.Build.0 = Debug|Any CPU
		{14FBD565-86F0-4A64-A681-0C02A94C25B4}.Release|Any CPU.ActiveCfg = Release|Any CPU
		{14FBD565-86F0-4A64-A681-0C02A94C25B4}.Release|Any CPU.Build.0 = Release|Any CPU
	EndGlobalSection
	GlobalSection(SolutionProperties) = preSolution
		HideSolutionNode = FALSE
	EndGlobalSection
	GlobalSection(NestedProjects) = preSolution
		{E5881360-D70B-45F0-8111-26524586C7AB} = {1EB0F625-019B-4EA2-A28E-3786D2FB9C9B}
	EndGlobalSection
EndGlobal
